
Microsoft Visual Studio Solution File, Format Version 12.00
# Visual Studio Version 17
VisualStudioVersion = 17.10.35013.160
MinimumVisualStudioVersion = 10.0.40219.1
Project("{FAE04EC0-301F-11D3-BF4B-00C04F79EFBC}") = "MatchMaking.Service", "MatchMaking.Service\MatchMaking.Service.csproj", "{C443B335-328A-4BB2-B144-B9EF4741838A}"
EndProject
Project("{FAE04EC0-301F-11D3-BF4B-00C04F79EFBC}") = "MatchMaking.Worker", "MatchMaking.Worker\MatchMaking.Worker.csproj", "{DFC8BD7C-97AE-44ED-ACD1-148BAA631F9B}"
EndProject
Project("{FAE04EC0-301F-11D3-BF4B-00C04F79EFBC}") = "MatchMaking.Shared", "MatchMaking.Shared\MatchMaking.Shared.csproj", "{A21C639E-D17D-4492-A8FC-A2BFDBB20F34}"
EndProject
Project("{FAE04EC0-301F-11D3-BF4B-00C04F79EFBC}") = "MatchMaking.Worker.Test", "MatchMaking.Worker.Test\MatchMaking.Worker.Test.csproj", "{EDD39E8A-16EC-42D0-BE7A-293470BDD92F}"
EndProject
Project("{FAE04EC0-301F-11D3-BF4B-00C04F79EFBC}") = "MatchMaking.Service.Test", "MatchMaking.Service.Test\MatchMaking.Service.Test.csproj", "{AC0C02A1-1207-494C-8E8D-C8DAA488DCB4}"
EndProject
Global
	GlobalSection(SolutionConfigurationPlatforms) = preSolution
		Debug|Any CPU = Debug|Any CPU
		Debug|x64 = Debug|x64
		Debug|x86 = Debug|x86
		Release|Any CPU = Release|Any CPU
		Release|x64 = Release|x64
		Release|x86 = Release|x86
	EndGlobalSection
	GlobalSection(ProjectConfigurationPlatforms) = postSolution
		{C443B335-328A-4BB2-B144-B9EF4741838A}.Debug|Any CPU.ActiveCfg = Debug|Any CPU
		{C443B335-328A-4BB2-B144-B9EF4741838A}.Debug|Any CPU.Build.0 = Debug|Any CPU
		{C443B335-328A-4BB2-B144-B9EF4741838A}.Debug|x64.ActiveCfg = Debug|Any CPU
		{C443B335-328A-4BB2-B144-B9EF4741838A}.Debug|x64.Build.0 = Debug|Any CPU
		{C443B335-328A-4BB2-B144-B9EF4741838A}.Debug|x86.ActiveCfg = Debug|Any CPU
		{C443B335-328A-4BB2-B144-B9EF4741838A}.Debug|x86.Build.0 = Debug|Any CPU
		{C443B335-328A-4BB2-B144-B9EF4741838A}.Release|Any CPU.ActiveCfg = Release|Any CPU
		{C443B335-328A-4BB2-B144-B9EF4741838A}.Release|Any CPU.Build.0 = Release|Any CPU
		{C443B335-328A-4BB2-B144-B9EF4741838A}.Release|x64.ActiveCfg = Release|Any CPU
		{C443B335-328A-4BB2-B144-B9EF4741838A}.Release|x64.Build.0 = Release|Any CPU
		{C443B335-328A-4BB2-B144-B9EF4741838A}.Release|x86.ActiveCfg = Release|Any CPU
		{C443B335-328A-4BB2-B144-B9EF4741838A}.Release|x86.Build.0 = Release|Any CPU
		{DFC8BD7C-97AE-44ED-ACD1-148BAA631F9B}.Debug|Any CPU.ActiveCfg = Debug|Any CPU
		{DFC8BD7C-97AE-44ED-ACD1-148BAA631F9B}.Debug|Any CPU.Build.0 = Debug|Any CPU
		{DFC8BD7C-97AE-44ED-ACD1-148BAA631F9B}.Debug|x64.ActiveCfg = Debug|Any CPU
		{DFC8BD7C-97AE-44ED-ACD1-148BAA631F9B}.Debug|x64.Build.0 = Debug|Any CPU
		{DFC8BD7C-97AE-44ED-ACD1-148BAA631F9B}.Debug|x86.ActiveCfg = Debug|Any CPU
		{DFC8BD7C-97AE-44ED-ACD1-148BAA631F9B}.Debug|x86.Build.0 = Debug|Any CPU
		{DFC8BD7C-97AE-44ED-ACD1-148BAA631F9B}.Release|Any CPU.ActiveCfg = Release|Any CPU
		{DFC8BD7C-97AE-44ED-ACD1-148BAA631F9B}.Release|Any CPU.Build.0 = Release|Any CPU
		{DFC8BD7C-97AE-44ED-ACD1-148BAA631F9B}.Release|x64.ActiveCfg = Release|Any CPU
		{DFC8BD7C-97AE-44ED-ACD1-148BAA631F9B}.Release|x64.Build.0 = Release|Any CPU
		{DFC8BD7C-97AE-44ED-ACD1-148BAA631F9B}.Release|x86.ActiveCfg = Release|Any CPU
		{DFC8BD7C-97AE-44ED-ACD1-148BAA631F9B}.Release|x86.Build.0 = Release|Any CPU
		{A21C639E-D17D-4492-A8FC-A2BFDBB20F34}.Debug|Any CPU.ActiveCfg = Debug|Any CPU
		{A21C639E-D17D-4492-A8FC-A2BFDBB20F34}.Debug|Any CPU.Build.0 = Debug|Any CPU
		{A21C639E-D17D-4492-A8FC-A2BFDBB20F34}.Debug|x64.ActiveCfg = Debug|Any CPU
		{A21C639E-D17D-4492-A8FC-A2BFDBB20F34}.Debug|x64.Build.0 = Debug|Any CPU
		{A21C639E-D17D-4492-A8FC-A2BFDBB20F34}.Debug|x86.ActiveCfg = Debug|Any CPU
		{A21C639E-D17D-4492-A8FC-A2BFDBB20F34}.Debug|x86.Build.0 = Debug|Any CPU
		{A21C639E-D17D-4492-A8FC-A2BFDBB20F34}.Release|Any CPU.ActiveCfg = Release|Any CPU
		{A21C639E-D17D-4492-A8FC-A2BFDBB20F34}.Release|Any CPU.Build.0 = Release|Any CPU
		{A21C639E-D17D-4492-A8FC-A2BFDBB20F34}.Release|x64.ActiveCfg = Release|Any CPU
		{A21C639E-D17D-4492-A8FC-A2BFDBB20F34}.Release|x64.Build.0 = Release|Any CPU
		{A21C639E-D17D-4492-A8FC-A2BFDBB20F34}.Release|x86.ActiveCfg = Release|Any CPU
		{A21C639E-D17D-4492-A8FC-A2BFDBB20F34}.Release|x86.Build.0 = Release|Any CPU
		{EDD39E8A-16EC-42D0-BE7A-293470BDD92F}.Debug|Any CPU.ActiveCfg = Debug|Any CPU
		{EDD39E8A-16EC-42D0-BE7A-293470BDD92F}.Debug|Any CPU.Build.0 = Debug|Any CPU
		{EDD39E8A-16EC-42D0-BE7A-293470BDD92F}.Debug|x64.ActiveCfg = Debug|Any CPU
		{EDD39E8A-16EC-42D0-BE7A-293470BDD92F}.Debug|x64.Build.0 = Debug|Any CPU
		{EDD39E8A-16EC-42D0-BE7A-293470BDD92F}.Debug|x86.ActiveCfg = Debug|Any CPU
		{EDD39E8A-16EC-42D0-BE7A-293470BDD92F}.Debug|x86.Build.0 = Debug|Any CPU
		{EDD39E8A-16EC-42D0-BE7A-293470BDD92F}.Release|Any CPU.ActiveCfg = Release|Any CPU
		{EDD39E8A-16EC-42D0-BE7A-293470BDD92F}.Release|Any CPU.Build.0 = Release|Any CPU
		{EDD39E8A-16EC-42D0-BE7A-293470BDD92F}.Release|x64.ActiveCfg = Release|Any CPU
		{EDD39E8A-16EC-42D0-BE7A-293470BDD92F}.Release|x64.Build.0 = Release|Any CPU
		{EDD39E8A-16EC-42D0-BE7A-293470BDD92F}.Release|x86.ActiveCfg = Release|Any CPU
		{EDD39E8A-16EC-42D0-BE7A-293470BDD92F}.Release|x86.Build.0 = Release|Any CPU
		{AC0C02A1-1207-494C-8E8D-C8DAA488DCB4}.Debug|Any CPU.ActiveCfg = Debug|Any CPU
		{AC0C02A1-1207-494C-8E8D-C8DAA488DCB4}.Debug|Any CPU.Build.0 = Debug|Any CPU
		{AC0C02A1-1207-494C-8E8D-C8DAA488DCB4}.Debug|x64.ActiveCfg = Debug|Any CPU
		{AC0C02A1-1207-494C-8E8D-C8DAA488DCB4}.Debug|x64.Build.0 = Debug|Any CPU
		{AC0C02A1-1207-494C-8E8D-C8DAA488DCB4}.Debug|x86.ActiveCfg = Debug|Any CPU
		{AC0C02A1-1207-494C-8E8D-C8DAA488DCB4}.Debug|x86.Build.0 = Debug|Any CPU
		{AC0C02A1-1207-494C-8E8D-C8DAA488DCB4}.Release|Any CPU.ActiveCfg = Release|Any CPU
		{AC0C02A1-1207-494C-8E8D-C8DAA488DCB4}.Release|Any CPU.Build.0 = Release|Any CPU
		{AC0C02A1-1207-494C-8E8D-C8DAA488DCB4}.Release|x64.ActiveCfg = Release|Any CPU
		{AC0C02A1-1207-494C-8E8D-C8DAA488DCB4}.Release|x64.Build.0 = Release|Any CPU
		{AC0C02A1-1207-494C-8E8D-C8DAA488DCB4}.Release|x86.ActiveCfg = Release|Any CPU
		{AC0C02A1-1207-494C-8E8D-C8DAA488DCB4}.Release|x86.Build.0 = Release|Any CPU
	EndGlobalSection
	GlobalSection(SolutionProperties) = preSolution
		HideSolutionNode = FALSE
	EndGlobalSection
	GlobalSection(ExtensibilityGlobals) = postSolution
		SolutionGuid = {9770760A-2B87-4977-AC52-E413DDC255B3}
	EndGlobalSection
EndGlobal
